// !$*UTF8*$!
{
	archiveVersion = 1;
	classes = {
	};
	objectVersion = 77;
	objects = {

/* Begin PBXBuildFile section */
		118BC66E2EE4EA7300D99B5D /* RenderProtocolSwift in Frameworks */ = {isa = PBXBuildFile; productRef = 118BC66D2EE4EA7300D99B5D /* RenderProtocolSwift */; };
/* End PBXBuildFile section */

/* Begin PBXContainerItemProxy section */
		118BC6502EE4EA4800D99B5D /* PBXContainerItemProxy */ = {
			isa = PBXContainerItemProxy;
			containerPortal = 118BC63A2EE4EA4600D99B5D /* Project object */;
			proxyType = 1;
			remoteGlobalIDString = 118BC6412EE4EA4600D99B5D;
			remoteInfo = RenderProtocolExample;
		};
		118BC65A2EE4EA4800D99B5D /* PBXContainerItemProxy */ = {
			isa = PBXContainerItemProxy;
			containerPortal = 118BC63A2EE4EA4600D99B5D /* Project object */;
			proxyType = 1;
			remoteGlobalIDString = 118BC6412EE4EA4600D99B5D;
			remoteInfo = RenderProtocolExample;
		};
/* End PBXContainerItemProxy section */

/* Begin PBXFileReference section */
		118BC6422EE4EA4600D99B5D /* RenderProtocolExample.app */ = {isa = PBXFileReference; explicitFileType = wrapper.application; includeInIndex = 0; path = RenderProtocolExample.app; sourceTree = BUILT_PRODUCTS_DIR; };
		118BC64F2EE4EA4800D99B5D /* RenderProtocolExampleTests.xctest */ = {isa = PBXFileReference; explicitFileType = wrapper.cfbundle; includeInIndex = 0; path = RenderProtocolExampleTests.xctest; sourceTree = BUILT_PRODUCTS_DIR; };
		118BC6592EE4EA4800D99B5D /* RenderProtocolExampleUITests.xctest */ = {isa = PBXFileReference; explicitFileType = wrapper.cfbundle; includeInIndex = 0; path = RenderProtocolExampleUITests.xctest; sourceTree = BUILT_PRODUCTS_DIR; };
/* End PBXFileReference section */

/* Begin PBXFileSystemSynchronizedBuildFileExceptionSet section */
		11E000F12F22C20000609D80 /* Exceptions for "RenderProtocolExample" folder in "RenderProtocolExample" target */ = {
			isa = PBXFileSystemSynchronizedBuildFileExceptionSet;
			membershipExceptions = (
				Info.plist,
			);
			target = 118BC6412EE4EA4600D99B5D /* RenderProtocolExample */;
		};
/* End PBXFileSystemSynchronizedBuildFileExceptionSet section */

/* Begin PBXFileSystemSynchronizedRootGroup section */
		118BC6442EE4EA4600D99B5D /* RenderProtocolExample */ = {
			isa = PBXFileSystemSynchronizedRootGroup;
			exceptions = (
				11E000F12F22C20000609D80 /* Exceptions for "RenderProtocolExample" folder in "RenderProtocolExample" target */,
			);
			path = RenderProtocolExample;
			sourceTree = "<group>";
		};
		118BC6522EE4EA4800D99B5D /* RenderProtocolExampleTests */ = {
			isa = PBXFileSystemSynchronizedRootGroup;
			path = RenderProtocolExampleTests;
			sourceTree = "<group>";
		};
		118BC65C2EE4EA4800D99B5D /* RenderProtocolExampleUITests */ = {
			isa = PBXFileSystemSynchronizedRootGroup;
			path = RenderProtocolExampleUITests;
			sourceTree = "<group>";
		};
/* End PBXFileSystemSynchronizedRootGroup section */

/* Begin PBXFrameworksBuildPhase section */
		118BC63F2EE4EA4600D99B5D /* Frameworks */ = {
			isa = PBXFrameworksBuildPhase;
			buildActionMask = 2147483647;
			files = (
				118BC66E2EE4EA7300D99B5D /* RenderProtocolSwift in Frameworks */,
			);
			runOnlyForDeploymentPostprocessing = 0;
		};
		118BC64C2EE4EA4800D99B5D /* Frameworks */ = {
			isa = PBXFrameworksBuildPhase;
			buildActionMask = 2147483647;
			files = (
			);
			runOnlyForDeploymentPostprocessing = 0;
		};
		118BC6562EE4EA4800D99B5D /* Frameworks */ = {
			isa = PBXFrameworksBuildPhase;
			buildActionMask = 2147483647;
			files = (
			);
			runOnlyForDeploymentPostprocessing = 0;
		};
/* End PBXFrameworksBuildPhase section */

/* Begin PBXGroup section */
		118BC6392EE4EA4600D99B5D = {
			isa = PBXGroup;
			children = (
				118BC6442EE4EA4600D99B5D /* RenderProtocolExample */,
				118BC6522EE4EA4800D99B5D /* RenderProtocolExampleTests */,
				118BC65C2EE4EA4800D99B5D /* RenderProtocolExampleUITests */,
				118BC6432EE4EA4600D99B5D /* Products */,
			);
			sourceTree = "<group>";
		};
		118BC6432EE4EA4600D99B5D /* Products */ = {
			isa = PBXGroup;
			children = (
				118BC6422EE4EA4600D99B5D /* RenderProtocolExample.app */,
				118BC64F2EE4EA4800D99B5D /* RenderProtocolExampleTests.xctest */,
				118BC6592EE4EA4800D99B5D /* RenderProtocolExampleUITests.xctest */,
			);
			name = Products;
			sourceTree = "<group>";
		};
/* End PBXGroup section */

/* Begin PBXNativeTarget section */
		118BC6412EE4EA4600D99B5D /* RenderProtocolExample */ = {
			isa = PBXNativeTarget;
			buildConfigurationList = 118BC6632EE4EA4800D99B5D /* Build configuration list for PBXNativeTarget "RenderProtocolExample" */;
			buildPhases = (
				118BC63E2EE4EA4600D99B5D /* Sources */,
				118BC63F2EE4EA4600D99B5D /* Frameworks */,
				118BC6402EE4EA4600D99B5D /* Resources */,
			);
			buildRules = (
			);
			dependencies = (
			);
			fileSystemSynchronizedGroups = (
				118BC6442EE4EA4600D99B5D /* RenderProtocolExample */,
			);
			name = RenderProtocolExample;
			packageProductDependencies = (
				118BC66D2EE4EA7300D99B5D /* RenderProtocolSwift */,
			);
			productName = RenderProtocolExample;
			productReference = 118BC6422EE4EA4600D99B5D /* RenderProtocolExample.app */;
			productType = "com.apple.product-type.application";
		};
		118BC64E2EE4EA4800D99B5D /* RenderProtocolExampleTests */ = {
			isa = PBXNativeTarget;
			buildConfigurationList = 118BC6662EE4EA4800D99B5D /* Build configuration list for PBXNativeTarget "RenderProtocolExampleTests" */;
			buildPhases = (
				118BC64B2EE4EA4800D99B5D /* Sources */,
				118BC64C2EE4EA4800D99B5D /* Frameworks */,
				118BC64D2EE4EA4800D99B5D /* Resources */,
			);
			buildRules = (
			);
			dependencies = (
				118BC6512EE4EA4800D99B5D /* PBXTargetDependency */,
			);
			fileSystemSynchronizedGroups = (
				118BC6522EE4EA4800D99B5D /* RenderProtocolExampleTests */,
			);
			name = RenderProtocolExampleTests;
			packageProductDependencies = (
			);
			productName = RenderProtocolExampleTests;
			productReference = 118BC64F2EE4EA4800D99B5D /* RenderProtocolExampleTests.xctest */;
			productType = "com.apple.product-type.bundle.unit-test";
		};
		118BC6582EE4EA4800D99B5D /* RenderProtocolExampleUITests */ = {
			isa = PBXNativeTarget;
			buildConfigurationList = 118BC6692EE4EA4800D99B5D /* Build configuration list for PBXNativeTarget "RenderProtocolExampleUITests" */;
			buildPhases = (
				118BC6552EE4EA4800D99B5D /* Sources */,
				118BC6562EE4EA4800D99B5D /* Frameworks */,
				118BC6572EE4EA4800D99B5D /* Resources */,
			);
			buildRules = (
			);
			dependencies = (
				118BC65B2EE4EA4800D99B5D /* PBXTargetDependency */,
			);
			fileSystemSynchronizedGroups = (
				118BC65C2EE4EA4800D99B5D /* RenderProtocolExampleUITests */,
			);
			name = RenderProtocolExampleUITests;
			packageProductDependencies = (
			);
			productName = RenderProtocolExampleUITests;
			productReference = 118BC6592EE4EA4800D99B5D /* RenderProtocolExampleUITests.xctest */;
			productType = "com.apple.product-type.bundle.ui-testing";
		};
/* End PBXNativeTarget section */

/* Begin PBXProject section */
		118BC63A2EE4EA4600D99B5D /* Project object */ = {
			isa = PBXProject;
			attributes = {
				BuildIndependentTargetsInParallel = 1;
				LastSwiftUpdateCheck = 2610;
				LastUpgradeCheck = 2610;
				TargetAttributes = {
					118BC6412EE4EA4600D99B5D = {
						CreatedOnToolsVersion = 26.1.1;
					};
					118BC64E2EE4EA4800D99B5D = {
						CreatedOnToolsVersion = 26.1.1;
						TestTargetID = 118BC6412EE4EA4600D99B5D;
					};
					118BC6582EE4EA4800D99B5D = {
						CreatedOnToolsVersion = 26.1.1;
						TestTargetID = 118BC6412EE4EA4600D99B5D;
					};
				};
			};
			buildConfigurationList = 118BC63D2EE4EA4600D99B5D /* Build configuration list for PBXProject "RenderProtocolExample" */;
			developmentRegion = en;
			hasScannedForEncodings = 0;
			knownRegions = (
				en,
				Base,
			);
			mainGroup = 118BC6392EE4EA4600D99B5D;
			minimizedProjectReferenceProxies = 1;
			packageReferences = (
				118BC66C2EE4EA7300D99B5D /* XCLocalSwiftPackageReference "../../../RenderProtocolSwift" */,
			);
			preferredProjectObjectVersion = 77;
			productRefGroup = 118BC6432EE4EA4600D99B5D /* Products */;
			projectDirPath = "";
			projectRoot = "";
			targets = (
				118BC6412EE4EA4600D99B5D /* RenderProtocolExample */,
				118BC64E2EE4EA4800D99B5D /* RenderProtocolExampleTests */,
				118BC6582EE4EA4800D99B5D /* RenderProtocolExampleUITests */,
			);
		};
/* End PBXProject section */

/* Begin PBXResourcesBuildPhase section */
		118BC6402EE4EA4600D99B5D /* Resources */ = {
			isa = PBXResourcesBuildPhase;
			buildActionMask = 2147483647;
			files = (
			);
			runOnlyForDeploymentPostprocessing = 0;
		};
		118BC64D2EE4EA4800D99B5D /* Resources */ = {
			isa = PBXResourcesBuildPhase;
			buildActionMask = 2147483647;
			files = (
			);
			runOnlyForDeploymentPostprocessing = 0;
		};
		118BC6572EE4EA4800D99B5D /* Resources */ = {
			isa = PBXResourcesBuildPhase;
			buildActionMask = 2147483647;
			files = (
			);
			runOnlyForDeploymentPostprocessing = 0;
		};
/* End PBXResourcesBuildPhase section */

/* Begin PBXSourcesBuildPhase section */
		118BC63E2EE4EA4600D99B5D /* Sources */ = {
			isa = PBXSourcesBuildPhase;
			buildActionMask = 2147483647;
			files = (
			);
			runOnlyForDeploymentPostprocessing = 0;
		};
		118BC64B2EE4EA4800D99B5D /* Sources */ = {
			isa = PBXSourcesBuildPhase;
			buildActionMask = 2147483647;
			files = (
			);
			runOnlyForDeploymentPostprocessing = 0;
		};
		118BC6552EE4EA4800D99B5D /* Sources */ = {
			isa = PBXSourcesBuildPhase;
			buildActionMask = 2147483647;
			files = (
			);
			runOnlyForDeploymentPostprocessing = 0;
		};
/* End PBXSourcesBuildPhase section */

/* Begin PBXTargetDependency section */
		118BC6512EE4EA4800D99B5D /* PBXTargetDependency */ = {
			isa = PBXTargetDependency;
			target = 118BC6412EE4EA4600D99B5D /* RenderProtocolExample */;
			targetProxy = 118BC6502EE4EA4800D99B5D /* PBXContainerItemProxy */;
		};
		118BC65B2EE4EA4800D99B5D /* PBXTargetDependency */ = {
			isa = PBXTargetDependency;
			target = 118BC6412EE4EA4600D99B5D /* RenderProtocolExample */;
			targetProxy = 118BC65A2EE4EA4800D99B5D /* PBXContainerItemProxy */;
		};
/* End PBXTargetDependency section */

/* Begin XCBuildConfiguration section */
		118BC6612EE4EA4800D99B5D /* Debug */ = {
			isa = XCBuildConfiguration;
			buildSettings = {
				ALWAYS_SEARCH_USER_PATHS = NO;
				ASSETCATALOG_COMPILER_GENERATE_SWIFT_ASSET_SYMBOL_EXTENSIONS = YES;
				CLANG_ANALYZER_NONNULL = YES;
				CLANG_ANALYZER_NUMBER_OBJECT_CONVERSION = YES_AGGRESSIVE;
				CLANG_CXX_LANGUAGE_STANDARD = "gnu++20";
				CLANG_ENABLE_MODULES = YES;
				CLANG_ENABLE_OBJC_ARC = YES;
				CLANG_ENABLE_OBJC_WEAK = YES;
				CLANG_WARN_BLOCK_CAPTURE_AUTORELEASING = YES;
				CLANG_WARN_BOOL_CONVERSION = YES;
				CLANG_WARN_COMMA = YES;
				CLANG_WARN_CONSTANT_CONVERSION = YES;
				CLANG_WARN_DEPRECATED_OBJC_IMPLEMENTATIONS = YES;
				CLANG_WARN_DIRECT_OBJC_ISA_USAGE = YES_ERROR;
				CLANG_WARN_DOCUMENTATION_COMMENTS = YES;
				CLANG_WARN_EMPTY_BODY = YES;
				CLANG_WARN_ENUM_CONVERSION = YES;
				CLANG_WARN_INFINITE_RECURSION = YES;
				CLANG_WARN_INT_CONVERSION = YES;
				CLANG_WARN_NON_LITERAL_NULL_CONVERSION = YES;
				CLANG_WARN_OBJC_IMPLICIT_RETAIN_SELF = YES;
				CLANG_WARN_OBJC_LITERAL_CONVERSION = YES;
				CLANG_WARN_OBJC_ROOT_CLASS = YES_ERROR;
				CLANG_WARN_QUOTED_INCLUDE_IN_FRAMEWORK_HEADER = YES;
				CLANG_WARN_RANGE_LOOP_ANALYSIS = YES;
				CLANG_WARN_STRICT_PROTOTYPES = YES;
				CLANG_WARN_SUSPICIOUS_MOVE = YES;
				CLANG_WARN_UNGUARDED_AVAILABILITY = YES_AGGRESSIVE;
				CLANG_WARN_UNREACHABLE_CODE = YES;
				CLANG_WARN__DUPLICATE_METHOD_MATCH = YES;
				COPY_PHASE_STRIP = NO;
				DEBUG_INFORMATION_FORMAT = dwarf;
				DEVELOPMENT_TEAM = H56BQC5KZW;
				ENABLE_STRICT_OBJC_MSGSEND = YES;
				ENABLE_TESTABILITY = YES;
				ENABLE_USER_SCRIPT_SANDBOXING = YES;
				GCC_C_LANGUAGE_STANDARD = gnu17;
				GCC_DYNAMIC_NO_PIC = NO;
				GCC_NO_COMMON_BLOCKS = YES;
				GCC_OPTIMIZATION_LEVEL = 0;
				GCC_PREPROCESSOR_DEFINITIONS = (
					"DEBUG=1",
					"$(inherited)",
				);
				GCC_WARN_64_TO_32_BIT_CONVERSION = YES;
				GCC_WARN_ABOUT_RETURN_TYPE = YES_ERROR;
				GCC_WARN_UNDECLARED_SELECTOR = YES;
				GCC_WARN_UNINITIALIZED_AUTOS = YES_AGGRESSIVE;
				GCC_WARN_UNUSED_FUNCTION = YES;
				GCC_WARN_UNUSED_VARIABLE = YES;
				IPHONEOS_DEPLOYMENT_TARGET = 26.1;
				LOCALIZATION_PREFERS_STRING_CATALOGS = YES;
				MTL_ENABLE_DEBUG_INFO = INCLUDE_SOURCE;
				MTL_FAST_MATH = YES;
				ONLY_ACTIVE_ARCH = YES;
				SDKROOT = iphoneos;
				SWIFT_ACTIVE_COMPILATION_CONDITIONS = "DEBUG $(inherited)";
				SWIFT_OPTIMIZATION_LEVEL = "-Onone";
			};
			name = Debug;
		};
		118BC6622EE4EA4800D99B5D /* Release */ = {
			isa = XCBuildConfiguration;
			buildSettings = {
				ALWAYS_SEARCH_USER_PATHS = NO;
				ASSETCATALOG_COMPILER_GENERATE_SWIFT_ASSET_SYMBOL_EXTENSIONS = YES;
				CLANG_ANALYZER_NONNULL = YES;
				CLANG_ANALYZER_NUMBER_OBJECT_CONVERSION = YES_AGGRESSIVE;
				CLANG_CXX_LANGUAGE_STANDARD = "gnu++20";
				CLANG_ENABLE_MODULES = YES;
				CLANG_ENABLE_OBJC_ARC = YES;
				CLANG_ENABLE_OBJC_WEAK = YES;
				CLANG_WARN_BLOCK_CAPTURE_AUTORELEASING = YES;
				CLANG_WARN_BOOL_CONVERSION = YES;
				CLANG_WARN_COMMA = YES;
				CLANG_WARN_CONSTANT_CONVERSION = YES;
				CLANG_WARN_DEPRECATED_OBJC_IMPLEMENTATIONS = YES;
				CLANG_WARN_DIRECT_OBJC_ISA_USAGE = YES_ERROR;
				CLANG_WARN_DOCUMENTATION_COMMENTS = YES;
				CLANG_WARN_EMPTY_BODY = YES;
				CLANG_WARN_ENUM_CONVERSION = YES;
				CLANG_WARN_INFINITE_RECURSION = YES;
				CLANG_WARN_INT_CONVERSION = YES;
				CLANG_WARN_NON_LITERAL_NULL_CONVERSION = YES;
				CLANG_WARN_OBJC_IMPLICIT_RETAIN_SELF = YES;
				CLANG_WARN_OBJC_LITERAL_CONVERSION = YES;
				CLANG_WARN_OBJC_ROOT_CLASS = YES_ERROR;
				CLANG_WARN_QUOTED_INCLUDE_IN_FRAMEWORK_HEADER = YES;
				CLANG_WARN_RANGE_LOOP_ANALYSIS = YES;
				CLANG_WARN_STRICT_PROTOTYPES = YES;
				CLANG_WARN_SUSPICIOUS_MOVE = YES;
				CLANG_WARN_UNGUARDED_AVAILABILITY = YES_AGGRESSIVE;
				CLANG_WARN_UNREACHABLE_CODE = YES;
				CLANG_WARN__DUPLICATE_METHOD_MATCH = YES;
				COPY_PHASE_STRIP = NO;
				DEBUG_INFORMATION_FORMAT = "dwarf-with-dsym";
				DEVELOPMENT_TEAM = H56BQC5KZW;
				ENABLE_NS_ASSERTIONS = NO;
				ENABLE_STRICT_OBJC_MSGSEND = YES;
				ENABLE_USER_SCRIPT_SANDBOXING = YES;
				GCC_C_LANGUAGE_STANDARD = gnu17;
				GCC_NO_COMMON_BLOCKS = YES;
				GCC_WARN_64_TO_32_BIT_CONVERSION = YES;
				GCC_WARN_ABOUT_RETURN_TYPE = YES_ERROR;
				GCC_WARN_UNDECLARED_SELECTOR = YES;
				GCC_WARN_UNINITIALIZED_AUTOS = YES_AGGRESSIVE;
				GCC_WARN_UNUSED_FUNCTION = YES;
				GCC_WARN_UNUSED_VARIABLE = YES;
				IPHONEOS_DEPLOYMENT_TARGET = 26.1;
				LOCALIZATION_PREFERS_STRING_CATALOGS = YES;
				MTL_ENABLE_DEBUG_INFO = NO;
				MTL_FAST_MATH = YES;
				SDKROOT = iphoneos;
				SWIFT_COMPILATION_MODE = wholemodule;
				VALIDATE_PRODUCT = YES;
			};
			name = Release;
		};
		118BC6642EE4EA4800D99B5D /* Debug */ = {
			isa = XCBuildConfiguration;
			buildSettings = {
				ASSETCATALOG_COMPILER_APPICON_NAME = AppIcon;
				ASSETCATALOG_COMPILER_GLOBAL_ACCENT_COLOR_NAME = AccentColor;
				CODE_SIGN_STYLE = Automatic;
				CURRENT_PROJECT_VERSION = 1;
				DEVELOPMENT_TEAM = H56BQC5KZW;
				ENABLE_PREVIEWS = YES;
				GENERATE_INFOPLIST_FILE = YES;
				INFOPLIST_FILE = RenderProtocolExample/Info.plist;
				INFOPLIST_KEY_UIApplicationSceneManifest_Generation = YES;
				INFOPLIST_KEY_UIApplicationSupportsIndirectInputEvents = YES;
				INFOPLIST_KEY_UILaunchScreen_Generation = YES;
				INFOPLIST_KEY_UISupportedInterfaceOrientations_iPad = "UIInterfaceOrientationPortrait UIInterfaceOrientationPortraitUpsideDown UIInterfaceOrientationLandscapeLeft UIInterfaceOrientationLandscapeRight";
				INFOPLIST_KEY_UISupportedInterfaceOrientations_iPhone = "UIInterfaceOrientationPortrait UIInterfaceOrientationLandscapeLeft UIInterfaceOrientationLandscapeRight";
				LD_RUNPATH_SEARCH_PATHS = (
					"$(inherited)",
					"@executable_path/Frameworks",
				);
				MARKETING_VERSION = 1.0;
				PRODUCT_BUNDLE_IDENTIFIER = in.karindam.RenderProtocolExample;
				PRODUCT_NAME = "$(TARGET_NAME)";
				STRING_CATALOG_GENERATE_SYMBOLS = YES;
				SWIFT_APPROACHABLE_CONCURRENCY = YES;
				SWIFT_DEFAULT_ACTOR_ISOLATION = MainActor;
				SWIFT_EMIT_LOC_STRINGS = YES;
				SWIFT_UPCOMING_FEATURE_MEMBER_IMPORT_VISIBILITY = YES;
				SWIFT_VERSION = 5.0;
				TARGETED_DEVICE_FAMILY = "1,2";
			};
			name = Debug;
		};
		118BC6652EE4EA4800D99B5D /* Release */ = {
			isa = XCBuildConfiguration;
			buildSettings = {
				ASSETCATALOG_COMPILER_APPICON_NAME = AppIcon;
				ASSETCATALOG_COMPILER_GLOBAL_ACCENT_COLOR_NAME = AccentColor;
				CODE_SIGN_STYLE = Automatic;
				CURRENT_PROJECT_VERSION = 1;
				DEVELOPMENT_TEAM = H56BQC5KZW;
				ENABLE_PREVIEWS = YES;
				GENERATE_INFOPLIST_FILE = YES;
				INFOPLIST_FILE = RenderProtocolExample/Info.plist;
				INFOPLIST_KEY_UIApplicationSceneManifest_Generation = YES;
				INFOPLIST_KEY_UIApplicationSupportsIndirectInputEvents = YES;
				INFOPLIST_KEY_UILaunchScreen_Generation = YES;
				INFOPLIST_KEY_UISupportedInterfaceOrientations_iPad = "UIInterfaceOrientationPortrait UIInterfaceOrientationPortraitUpsideDown UIInterfaceOrientationLandscapeLeft UIInterfaceOrientationLandscapeRight";
				INFOPLIST_KEY_UISupportedInterfaceOrientations_iPhone = "UIInterfaceOrientationPortrait UIInterfaceOrientationLandscapeLeft UIInterfaceOrientationLandscapeRight";
				LD_RUNPATH_SEARCH_PATHS = (
					"$(inherited)",
					"@executable_path/Frameworks",
				);
				MARKETING_VERSION = 1.0;
				PRODUCT_BUNDLE_IDENTIFIER = in.karindam.RenderProtocolExample;
				PRODUCT_NAME = "$(TARGET_NAME)";
				STRING_CATALOG_GENERATE_SYMBOLS = YES;
				SWIFT_APPROACHABLE_CONCURRENCY = YES;
				SWIFT_DEFAULT_ACTOR_ISOLATION = MainActor;
				SWIFT_EMIT_LOC_STRINGS = YES;
				SWIFT_UPCOMING_FEATURE_MEMBER_IMPORT_VISIBILITY = YES;
				SWIFT_VERSION = 5.0;
				TARGETED_DEVICE_FAMILY = "1,2";
			};
			name = Release;
		};
		118BC6672EE4EA4800D99B5D /* Debug */ = {
			isa = XCBuildConfiguration;
			buildSettings = {
				BUNDLE_LOADER = "$(TEST_HOST)";
				CODE_SIGN_STYLE = Automatic;
				CURRENT_PROJECT_VERSION = 1;
				DEVELOPMENT_TEAM = H56BQC5KZW;
				GENERATE_INFOPLIST_FILE = YES;
				IPHONEOS_DEPLOYMENT_TARGET = 26.1;
				MARKETING_VERSION = 1.0;
				PRODUCT_BUNDLE_IDENTIFIER = in.karindam.RenderProtocolExampleTests;
				PRODUCT_NAME = "$(TARGET_NAME)";
				STRING_CATALOG_GENERATE_SYMBOLS = NO;
				SWIFT_APPROACHABLE_CONCURRENCY = YES;
				SWIFT_EMIT_LOC_STRINGS = NO;
				SWIFT_UPCOMING_FEATURE_MEMBER_IMPORT_VISIBILITY = YES;
				SWIFT_VERSION = 5.0;
				TARGETED_DEVICE_FAMILY = "1,2";
				TEST_HOST = "$(BUILT_PRODUCTS_DIR)/RenderProtocolExample.app/$(BUNDLE_EXECUTABLE_FOLDER_PATH)/RenderProtocolExample";
			};
			name = Debug;
		};
		118BC6682EE4EA4800D99B5D /* Release */ = {
			isa = XCBuildConfiguration;
			buildSettings = {
				BUNDLE_LOADER = "$(TEST_HOST)";
				CODE_SIGN_STYLE = Automatic;
				CURRENT_PROJECT_VERSION = 1;
				DEVELOPMENT_TEAM = H56BQC5KZW;
				GENERATE_INFOPLIST_FILE = YES;
				IPHONEOS_DEPLOYMENT_TARGET = 26.1;
				MARKETING_VERSION = 1.0;
				PRODUCT_BUNDLE_IDENTIFIER = in.karindam.RenderProtocolExampleTests;
				PRODUCT_NAME = "$(TARGET_NAME)";
				STRING_CATALOG_GENERATE_SYMBOLS = NO;
				SWIFT_APPROACHABLE_CONCURRENCY = YES;
				SWIFT_EMIT_LOC_STRINGS = NO;
				SWIFT_UPCOMING_FEATURE_MEMBER_IMPORT_VISIBILITY = YES;
				SWIFT_VERSION = 5.0;
				TARGETED_DEVICE_FAMILY = "1,2";
				TEST_HOST = "$(BUILT_PRODUCTS_DIR)/RenderProtocolExample.app/$(BUNDLE_EXECUTABLE_FOLDER_PATH)/RenderProtocolExample";
			};
			name = Release;
		};
		118BC66A2EE4EA4800D99B5D /* Debug */ = {
			isa = XCBuildConfiguration;
			buildSettings = {
				CODE_SIGN_STYLE = Automatic;
				CURRENT_PROJECT_VERSION = 1;
				DEVELOPMENT_TEAM = H56BQC5KZW;
				GENERATE_INFOPLIST_FILE = YES;
				MARKETING_VERSION = 1.0;
				PRODUCT_BUNDLE_IDENTIFIER = in.karindam.RenderProtocolExampleUITests;
				PRODUCT_NAME = "$(TARGET_NAME)";
				STRING_CATALOG_GENERATE_SYMBOLS = NO;
				SWIFT_APPROACHABLE_CONCURRENCY = YES;
				SWIFT_EMIT_LOC_STRINGS = NO;
				SWIFT_UPCOMING_FEATURE_MEMBER_IMPORT_VISIBILITY = YES;
				SWIFT_VERSION = 5.0;
				TARGETED_DEVICE_FAMILY = "1,2";
				TEST_TARGET_NAME = RenderProtocolExample;
			};
			name = Debug;
		};
		118BC66B2EE4EA4800D99B5D /* Release */ = {
			isa = XCBuildConfiguration;
			buildSettings = {
				CODE_SIGN_STYLE = Automatic;
				CURRENT_PROJECT_VERSION = 1;
				DEVELOPMENT_TEAM = H56BQC5KZW;
				GENERATE_INFOPLIST_FILE = YES;
				MARKETING_VERSION = 1.0;
				PRODUCT_BUNDLE_IDENTIFIER = in.karindam.RenderProtocolExampleUITests;
				PRODUCT_NAME = "$(TARGET_NAME)";
				STRING_CATALOG_GENERATE_SYMBOLS = NO;
				SWIFT_APPROACHABLE_CONCURRENCY = YES;
				SWIFT_EMIT_LOC_STRINGS = NO;
				SWIFT_UPCOMING_FEATURE_MEMBER_IMPORT_VISIBILITY = YES;
				SWIFT_VERSION = 5.0;
				TARGETED_DEVICE_FAMILY = "1,2";
				TEST_TARGET_NAME = RenderProtocolExample;
			};
			name = Release;
		};
/* End XCBuildConfiguration section */

/* Begin XCConfigurationList section */
		118BC63D2EE4EA4600D99B5D /* Build configuration list for PBXProject "RenderProtocolExample" */ = {
			isa = XCConfigurationList;
			buildConfigurations = (
				118BC6612EE4EA4800D99B5D /* Debug */,
				118BC6622EE4EA4800D99B5D /* Release */,
			);
			defaultConfigurationIsVisible = 0;
			defaultConfigurationName = Release;
		};
		118BC6632EE4EA4800D99B5D /* Build configuration list for PBXNativeTarget "RenderProtocolExample" */ = {
			isa = XCConfigurationList;
			buildConfigurations = (
				118BC6642EE4EA4800D99B5D /* Debug */,
				118BC6652EE4EA4800D99B5D /* Release */,
			);
			defaultConfigurationIsVisible = 0;
			defaultConfigurationName = Release;
		};
		118BC6662EE4EA4800D99B5D /* Build configuration list for PBXNativeTarget "RenderProtocolExampleTests" */ = {
			isa = XCConfigurationList;
			buildConfigurations = (
				118BC6672EE4EA4800D99B5D /* Debug */,
				118BC6682EE4EA4800D99B5D /* Release */,
			);
			defaultConfigurationIsVisible = 0;
			defaultConfigurationName = Release;
		};
		118BC6692EE4EA4800D99B5D /* Build configuration list for PBXNativeTarget "RenderProtocolExampleUITests" */ = {
			isa = XCConfigurationList;
			buildConfigurations = (
				118BC66A2EE4EA4800D99B5D /* Debug */,
				118BC66B2EE4EA4800D99B5D /* Release */,
			);
			defaultConfigurationIsVisible = 0;
			defaultConfigurationName = Release;
		};
/* End XCConfigurationList section */

/* Begin XCLocalSwiftPackageReference section */
		118BC66C2EE4EA7300D99B5D /* XCLocalSwiftPackageReference "../../../RenderProtocolSwift" */ = {
			isa = XCLocalSwiftPackageReference;
			relativePath = ../../../RenderProtocolSwift;
		};
/* End XCLocalSwiftPackageReference section */

/* Begin XCSwiftPackageProductDependency section */
		118BC66D2EE4EA7300D99B5D /* RenderProtocolSwift */ = {
			isa = XCSwiftPackageProductDependency;
			productName = RenderProtocolSwift;
		};
/* End XCSwiftPackageProductDependency section */
	};
	rootObject = 118BC63A2EE4EA4600D99B5D /* Project object */;
}
